// !$*UTF8*$!
{
	archiveVersion = 1;
	classes = {
	};
	objectVersion = 51;
	objects = {

/* Begin PBXBuildFile section */
		0C512EB7EFDE2E0FF2BB4123 /* Pods_KIFTests.framework in Frameworks */ = {isa = PBXBuildFile; fileRef = 17773B1CF4A80DE8CC89AF40 /* Pods_KIFTests.framework */; };
		7151103126D673C40015A7CC /* ReusableView.swift in Sources */ = {isa = PBXBuildFile; fileRef = 7151103026D673C40015A7CC /* ReusableView.swift */; };
		7151103326D673E50015A7CC /* UIViewController+HUD.swift in Sources */ = {isa = PBXBuildFile; fileRef = 7151103226D673E50015A7CC /* UIViewController+HUD.swift */; };
		7151103526D6740A0015A7CC /* UITableViewCell+Register.swift in Sources */ = {isa = PBXBuildFile; fileRef = 7151103426D6740A0015A7CC /* UITableViewCell+Register.swift */; };
		7151103726D6742E0015A7CC /* UITableView+Extension.swift in Sources */ = {isa = PBXBuildFile; fileRef = 7151103626D6742E0015A7CC /* UITableView+Extension.swift */; };
		7151103926D674DF0015A7CC /* ConfigurableCell.swift in Sources */ = {isa = PBXBuildFile; fileRef = 7151103826D674DF0015A7CC /* ConfigurableCell.swift */; };
		7151103B26D674F10015A7CC /* ReusableCell.swift in Sources */ = {isa = PBXBuildFile; fileRef = 7151103A26D674F10015A7CC /* ReusableCell.swift */; };
		7151103E26D675B00015A7CC /* ZeroResultView.swift in Sources */ = {isa = PBXBuildFile; fileRef = 7151103D26D675B00015A7CC /* ZeroResultView.swift */; };
		7151104026D675C60015A7CC /* ZeroResultView.xib in Resources */ = {isa = PBXBuildFile; fileRef = 7151103F26D675C60015A7CC /* ZeroResultView.xib */; };
		7151104326D677020015A7CC /* PopularShowsTableViewCell.swift in Sources */ = {isa = PBXBuildFile; fileRef = 7151104126D677020015A7CC /* PopularShowsTableViewCell.swift */; };
		7151104426D677020015A7CC /* PopularShowsTableViewCell.xib in Resources */ = {isa = PBXBuildFile; fileRef = 7151104226D677020015A7CC /* PopularShowsTableViewCell.xib */; };
		7151104726D686FA0015A7CC /* UIFont+Add.swift in Sources */ = {isa = PBXBuildFile; fileRef = 7151104626D686FA0015A7CC /* UIFont+Add.swift */; };
		7151104A26D68C310015A7CC /* UIImageView+Style.swift in Sources */ = {isa = PBXBuildFile; fileRef = 7151104926D68C310015A7CC /* UIImageView+Style.swift */; };
		7151104F26D6A9F00015A7CC /* PopularShowsViewController+TableView.swift in Sources */ = {isa = PBXBuildFile; fileRef = 7151104E26D6A9F00015A7CC /* PopularShowsViewController+TableView.swift */; };
		7151105126D6AB400015A7CC /* Localizable.swift in Sources */ = {isa = PBXBuildFile; fileRef = 7151105026D6AB400015A7CC /* Localizable.swift */; };
		7151105426D6AB910015A7CC /* LocalizableString.swift in Sources */ = {isa = PBXBuildFile; fileRef = 7151105326D6AB910015A7CC /* LocalizableString.swift */; };
		7151105626D6ABB10015A7CC /* Localizable.strings in Resources */ = {isa = PBXBuildFile; fileRef = 7151105526D6ABB10015A7CC /* Localizable.strings */; };
		7151105926D6BD980015A7CC /* PopularDetailsView.swift in Sources */ = {isa = PBXBuildFile; fileRef = 7151105826D6BD980015A7CC /* PopularDetailsView.swift */; };
		7151105B26D6BDA50015A7CC /* PopularDetailsView.xib in Resources */ = {isa = PBXBuildFile; fileRef = 7151105A26D6BDA50015A7CC /* PopularDetailsView.xib */; };
		7151105E26D6D99D0015A7CC /* SimilarShowView.swift in Sources */ = {isa = PBXBuildFile; fileRef = 7151105D26D6D99D0015A7CC /* SimilarShowView.swift */; };
		7151106026D6D9A80015A7CC /* SimilarShowView.xib in Resources */ = {isa = PBXBuildFile; fileRef = 7151105F26D6D9A70015A7CC /* SimilarShowView.xib */; };
		7151106526D6DA370015A7CC /* SimilarShowCollectionViewCell.swift in Sources */ = {isa = PBXBuildFile; fileRef = 7151106326D6DA370015A7CC /* SimilarShowCollectionViewCell.swift */; };
		7151106626D6DA370015A7CC /* SimilarShowCollectionViewCell.xib in Resources */ = {isa = PBXBuildFile; fileRef = 7151106426D6DA370015A7CC /* SimilarShowCollectionViewCell.xib */; };
		7151106926D6DDC80015A7CC /* UICollectionView+Register.swift in Sources */ = {isa = PBXBuildFile; fileRef = 7151106826D6DDC80015A7CC /* UICollectionView+Register.swift */; };
		7151106B26D6FD3F0015A7CC /* SimilarShowView+Delegate.swift in Sources */ = {isa = PBXBuildFile; fileRef = 7151106A26D6FD3F0015A7CC /* SimilarShowView+Delegate.swift */; };
		7151107926D810160015A7CC /* ChallengeMedicatoTests.swift in Sources */ = {isa = PBXBuildFile; fileRef = 7151107826D810160015A7CC /* ChallengeMedicatoTests.swift */; };
		7151108A26D815FE0015A7CC /* popularShows.json in Resources */ = {isa = PBXBuildFile; fileRef = 7151108926D815FE0015A7CC /* popularShows.json */; };
		7151108C26D816660015A7CC /* CreatePopularShow.swift in Sources */ = {isa = PBXBuildFile; fileRef = 7151108B26D816660015A7CC /* CreatePopularShow.swift */; };
		7151108E26D819A10015A7CC /* BundleTest.swift in Sources */ = {isa = PBXBuildFile; fileRef = 7151108D26D819A10015A7CC /* BundleTest.swift */; };
		7151109026D81BDB0015A7CC /* SimilarShowsInteractorMock.swift in Sources */ = {isa = PBXBuildFile; fileRef = 7151108F26D81BDB0015A7CC /* SimilarShowsInteractorMock.swift */; };
		7151109226D81C9F0015A7CC /* PopularShowsInteractorMock.swift in Sources */ = {isa = PBXBuildFile; fileRef = 7151109126D81C9F0015A7CC /* PopularShowsInteractorMock.swift */; };
		7151109426D822090015A7CC /* SimilarShowsInteractorDependenciesMock.swift in Sources */ = {isa = PBXBuildFile; fileRef = 7151109326D822090015A7CC /* SimilarShowsInteractorDependenciesMock.swift */; };
		7151109626D82B610015A7CC /* PopularShowsInteractorDependenciesMock.swift in Sources */ = {isa = PBXBuildFile; fileRef = 7151109526D82B610015A7CC /* PopularShowsInteractorDependenciesMock.swift */; };
		7151109C26D837390015A7CC /* PopularShowsPresenterMock.swift in Sources */ = {isa = PBXBuildFile; fileRef = 7151109B26D837390015A7CC /* PopularShowsPresenterMock.swift */; };
		7151109E26D838260015A7CC /* SimilarShowsPresenterMock.swift in Sources */ = {isa = PBXBuildFile; fileRef = 7151109D26D838260015A7CC /* SimilarShowsPresenterMock.swift */; };
		715110A026D83A500015A7CC /* MethodEndpointTestCase.swift in Sources */ = {isa = PBXBuildFile; fileRef = 7151109F26D83A500015A7CC /* MethodEndpointTestCase.swift */; };
		715110A226D83CA00015A7CC /* MethodEndpointMock.swift in Sources */ = {isa = PBXBuildFile; fileRef = 715110A126D83CA00015A7CC /* MethodEndpointMock.swift */; };
		715110A626D84B0C0015A7CC /* PresenterTestCase.swift in Sources */ = {isa = PBXBuildFile; fileRef = 715110A526D84B0C0015A7CC /* PresenterTestCase.swift */; };
		715110A826D852510015A7CC /* InteractorTestCase.swift in Sources */ = {isa = PBXBuildFile; fileRef = 715110A726D852510015A7CC /* InteractorTestCase.swift */; };
		715110AA26D85BEC0015A7CC /* InteractorDependenciesTestCase.swift in Sources */ = {isa = PBXBuildFile; fileRef = 715110A926D85BEC0015A7CC /* InteractorDependenciesTestCase.swift */; };
		715110AD26D85D860015A7CC /* MethodRequestProtocol.swift in Sources */ = {isa = PBXBuildFile; fileRef = 715110AC26D85D860015A7CC /* MethodRequestProtocol.swift */; };
		715110B326D869F20015A7CC /* popularShowsError.json in Resources */ = {isa = PBXBuildFile; fileRef = 715110B226D869F20015A7CC /* popularShowsError.json */; };
		719766D626D96CC500F06CA7 /* KIFTests.swift in Sources */ = {isa = PBXBuildFile; fileRef = 719766D526D96CC500F06CA7 /* KIFTests.swift */; };
		719766DE26D96CEC00F06CA7 /* KIF+Extension.swift in Sources */ = {isa = PBXBuildFile; fileRef = 719766DD26D96CEC00F06CA7 /* KIF+Extension.swift */; };
		719766E126D96D5400F06CA7 /* BaseUITest.swift in Sources */ = {isa = PBXBuildFile; fileRef = 719766E026D96D5400F06CA7 /* BaseUITest.swift */; };
		719766E326D96D6200F06CA7 /* Page.swift in Sources */ = {isa = PBXBuildFile; fileRef = 719766E226D96D6200F06CA7 /* Page.swift */; };
		719766E826D974D700F06CA7 /* PopulatePage.swift in Sources */ = {isa = PBXBuildFile; fileRef = 719766E726D974D700F06CA7 /* PopulatePage.swift */; };
		719766EA26D9753F00F06CA7 /* SimilarPage.swift in Sources */ = {isa = PBXBuildFile; fileRef = 719766E926D9753F00F06CA7 /* SimilarPage.swift */; };
		719766EC26D976F900F06CA7 /* ChallengeMedicatoUITest.swift in Sources */ = {isa = PBXBuildFile; fileRef = 719766EB26D976F900F06CA7 /* ChallengeMedicatoUITest.swift */; };
		719766F426DAEEB300F06CA7 /* launch.png in Resources */ = {isa = PBXBuildFile; fileRef = 719766F326DAEEB300F06CA7 /* launch.png */; };
		71A34F0026D5743300733804 /* AppDelegate.swift in Sources */ = {isa = PBXBuildFile; fileRef = 71A34EFF26D5743300733804 /* AppDelegate.swift */; };
		71A34F0226D5743300733804 /* SceneDelegate.swift in Sources */ = {isa = PBXBuildFile; fileRef = 71A34F0126D5743300733804 /* SceneDelegate.swift */; };
		71A34F0926D5743600733804 /* Assets.xcassets in Resources */ = {isa = PBXBuildFile; fileRef = 71A34F0826D5743600733804 /* Assets.xcassets */; };
		71A34F0C26D5743600733804 /* LaunchScreen.storyboard in Resources */ = {isa = PBXBuildFile; fileRef = 71A34F0A26D5743600733804 /* LaunchScreen.storyboard */; };
		71A34F2A26D57AA700733804 /* PopularShowsInteractorDependencies.swift in Sources */ = {isa = PBXBuildFile; fileRef = 71A34F2326D57AA700733804 /* PopularShowsInteractorDependencies.swift */; };
		71A34F2B26D57AA700733804 /* PopularShowsPresenter.swift in Sources */ = {isa = PBXBuildFile; fileRef = 71A34F2426D57AA700733804 /* PopularShowsPresenter.swift */; };
		71A34F2D26D57AA700733804 /* PopularShowsInteractor.swift in Sources */ = {isa = PBXBuildFile; fileRef = 71A34F2626D57AA700733804 /* PopularShowsInteractor.swift */; };
		71A34F2E26D57AA700733804 /* PopularShowsViewController.swift in Sources */ = {isa = PBXBuildFile; fileRef = 71A34F2726D57AA700733804 /* PopularShowsViewController.swift */; };
		71A34F3026D57AA700733804 /* PopularShowsWireFrame.swift in Sources */ = {isa = PBXBuildFile; fileRef = 71A34F2926D57AA700733804 /* PopularShowsWireFrame.swift */; };
		71A34F3826D57ADB00733804 /* SimilarShowsInteractorDependencies.swift in Sources */ = {isa = PBXBuildFile; fileRef = 71A34F3126D57ADB00733804 /* SimilarShowsInteractorDependencies.swift */; };
		71A34F3926D57ADB00733804 /* SimilarShowsPresenter.swift in Sources */ = {isa = PBXBuildFile; fileRef = 71A34F3226D57ADB00733804 /* SimilarShowsPresenter.swift */; };
		71A34F3B26D57ADB00733804 /* SimilarShowsInteractor.swift in Sources */ = {isa = PBXBuildFile; fileRef = 71A34F3426D57ADB00733804 /* SimilarShowsInteractor.swift */; };
		71A34F3C26D57ADB00733804 /* SimilarShowsViewController.swift in Sources */ = {isa = PBXBuildFile; fileRef = 71A34F3526D57ADB00733804 /* SimilarShowsViewController.swift */; };
		71A34F3E26D57ADB00733804 /* SimilarShowsWireFrame.swift in Sources */ = {isa = PBXBuildFile; fileRef = 71A34F3726D57ADB00733804 /* SimilarShowsWireFrame.swift */; };
		71A34F4026D5826000733804 /* PopularShowsViewController.xib in Resources */ = {isa = PBXBuildFile; fileRef = 71A34F3F26D5826000733804 /* PopularShowsViewController.xib */; };
		71A34F4A26D58CF500733804 /* SimilarShowsViewController.xib in Resources */ = {isa = PBXBuildFile; fileRef = 71A34F4926D58CF500733804 /* SimilarShowsViewController.xib */; };
		71A34F4C26D58F5A00733804 /* Endpoint.swift in Sources */ = {isa = PBXBuildFile; fileRef = 71A34F4B26D58F5A00733804 /* Endpoint.swift */; };
		71A34F4E26D58F7E00733804 /* RequestMethod.swift in Sources */ = {isa = PBXBuildFile; fileRef = 71A34F4D26D58F7E00733804 /* RequestMethod.swift */; };
		71A34F5026D58F9A00733804 /* RequestProtocol.swift in Sources */ = {isa = PBXBuildFile; fileRef = 71A34F4F26D58F9A00733804 /* RequestProtocol.swift */; };
		71A34F5226D58FC500733804 /* Feed.swift in Sources */ = {isa = PBXBuildFile; fileRef = 71A34F5126D58FC500733804 /* Feed.swift */; };
		71A34F5626D5912700733804 /* ResponseHandlingError.swift in Sources */ = {isa = PBXBuildFile; fileRef = 71A34F5526D5912700733804 /* ResponseHandlingError.swift */; };
		71A34F5826D5914100733804 /* ResponseStatusCode.swift in Sources */ = {isa = PBXBuildFile; fileRef = 71A34F5726D5914100733804 /* ResponseStatusCode.swift */; };
		71A34F5A26D5915400733804 /* ResponseError.swift in Sources */ = {isa = PBXBuildFile; fileRef = 71A34F5926D5915400733804 /* ResponseError.swift */; };
		71A34F5D26D5921300733804 /* AppEnvironment.swift in Sources */ = {isa = PBXBuildFile; fileRef = 71A34F5C26D5921300733804 /* AppEnvironment.swift */; };
		71A34F5F26D595E700733804 /* RequestErrorDTO.swift in Sources */ = {isa = PBXBuildFile; fileRef = 71A34F5E26D595E700733804 /* RequestErrorDTO.swift */; };
		71A34F6126D59BA300733804 /* Constants.swift in Sources */ = {isa = PBXBuildFile; fileRef = 71A34F6026D59BA300733804 /* Constants.swift */; };
		71A34F6326D5A01C00733804 /* PopularDTO.swift in Sources */ = {isa = PBXBuildFile; fileRef = 71A34F6226D5A01C00733804 /* PopularDTO.swift */; };
		FFE1411B8EA38C4A304D5973 /* Pods_ChallengeMedicato.framework in Frameworks */ = {isa = PBXBuildFile; fileRef = A5ED1F6D7DC615F742C4D1B4 /* Pods_ChallengeMedicato.framework */; };
/* End PBXBuildFile section */

/* Begin PBXContainerItemProxy section */
		7151107B26D810160015A7CC /* PBXContainerItemProxy */ = {
			isa = PBXContainerItemProxy;
			containerPortal = 71A34EF426D5743300733804 /* Project object */;
			proxyType = 1;
			remoteGlobalIDString = 71A34EFB26D5743300733804;
			remoteInfo = ChallengeMedicato;
		};
		719766D826D96CC500F06CA7 /* PBXContainerItemProxy */ = {
			isa = PBXContainerItemProxy;
			containerPortal = 71A34EF426D5743300733804 /* Project object */;
			proxyType = 1;
			remoteGlobalIDString = 71A34EFB26D5743300733804;
			remoteInfo = ChallengeMedicato;
		};
/* End PBXContainerItemProxy section */

/* Begin PBXFileReference section */
		033BAB1FDB612AA6279E3D24 /* Pods-ChallengeMedicato.release.xcconfig */ = {isa = PBXFileReference; includeInIndex = 1; lastKnownFileType = text.xcconfig; name = "Pods-ChallengeMedicato.release.xcconfig"; path = "Target Support Files/Pods-ChallengeMedicato/Pods-ChallengeMedicato.release.xcconfig"; sourceTree = "<group>"; };
		17773B1CF4A80DE8CC89AF40 /* Pods_KIFTests.framework */ = {isa = PBXFileReference; explicitFileType = wrapper.framework; includeInIndex = 0; path = Pods_KIFTests.framework; sourceTree = BUILT_PRODUCTS_DIR; };
		69E7C0CFA38A967FCC4349D0 /* Pods-KIFTests.debug.xcconfig */ = {isa = PBXFileReference; includeInIndex = 1; lastKnownFileType = text.xcconfig; name = "Pods-KIFTests.debug.xcconfig"; path = "Target Support Files/Pods-KIFTests/Pods-KIFTests.debug.xcconfig"; sourceTree = "<group>"; };
		7151103026D673C40015A7CC /* ReusableView.swift */ = {isa = PBXFileReference; lastKnownFileType = sourcecode.swift; path = ReusableView.swift; sourceTree = "<group>"; };
		7151103226D673E50015A7CC /* UIViewController+HUD.swift */ = {isa = PBXFileReference; lastKnownFileType = sourcecode.swift; path = "UIViewController+HUD.swift"; sourceTree = "<group>"; };
		7151103426D6740A0015A7CC /* UITableViewCell+Register.swift */ = {isa = PBXFileReference; lastKnownFileType = sourcecode.swift; path = "UITableViewCell+Register.swift"; sourceTree = "<group>"; };
		7151103626D6742E0015A7CC /* UITableView+Extension.swift */ = {isa = PBXFileReference; lastKnownFileType = sourcecode.swift; path = "UITableView+Extension.swift"; sourceTree = "<group>"; };
		7151103826D674DF0015A7CC /* ConfigurableCell.swift */ = {isa = PBXFileReference; lastKnownFileType = sourcecode.swift; path = ConfigurableCell.swift; sourceTree = "<group>"; };
		7151103A26D674F10015A7CC /* ReusableCell.swift */ = {isa = PBXFileReference; lastKnownFileType = sourcecode.swift; path = ReusableCell.swift; sourceTree = "<group>"; };
		7151103D26D675B00015A7CC /* ZeroResultView.swift */ = {isa = PBXFileReference; lastKnownFileType = sourcecode.swift; path = ZeroResultView.swift; sourceTree = "<group>"; };
		7151103F26D675C60015A7CC /* ZeroResultView.xib */ = {isa = PBXFileReference; lastKnownFileType = file.xib; path = ZeroResultView.xib; sourceTree = "<group>"; };
		7151104126D677020015A7CC /* PopularShowsTableViewCell.swift */ = {isa = PBXFileReference; lastKnownFileType = sourcecode.swift; path = PopularShowsTableViewCell.swift; sourceTree = "<group>"; };
		7151104226D677020015A7CC /* PopularShowsTableViewCell.xib */ = {isa = PBXFileReference; lastKnownFileType = file.xib; path = PopularShowsTableViewCell.xib; sourceTree = "<group>"; };
		7151104626D686FA0015A7CC /* UIFont+Add.swift */ = {isa = PBXFileReference; lastKnownFileType = sourcecode.swift; path = "UIFont+Add.swift"; sourceTree = "<group>"; };
		7151104926D68C310015A7CC /* UIImageView+Style.swift */ = {isa = PBXFileReference; lastKnownFileType = sourcecode.swift; path = "UIImageView+Style.swift"; sourceTree = "<group>"; };
		7151104E26D6A9F00015A7CC /* PopularShowsViewController+TableView.swift */ = {isa = PBXFileReference; lastKnownFileType = sourcecode.swift; path = "PopularShowsViewController+TableView.swift"; sourceTree = "<group>"; };
		7151105026D6AB400015A7CC /* Localizable.swift */ = {isa = PBXFileReference; lastKnownFileType = sourcecode.swift; path = Localizable.swift; sourceTree = "<group>"; };
		7151105326D6AB910015A7CC /* LocalizableString.swift */ = {isa = PBXFileReference; lastKnownFileType = sourcecode.swift; path = LocalizableString.swift; sourceTree = "<group>"; };
		7151105526D6ABB10015A7CC /* Localizable.strings */ = {isa = PBXFileReference; lastKnownFileType = text.plist.strings; path = Localizable.strings; sourceTree = "<group>"; };
		7151105826D6BD980015A7CC /* PopularDetailsView.swift */ = {isa = PBXFileReference; lastKnownFileType = sourcecode.swift; path = PopularDetailsView.swift; sourceTree = "<group>"; };
		7151105A26D6BDA50015A7CC /* PopularDetailsView.xib */ = {isa = PBXFileReference; lastKnownFileType = file.xib; path = PopularDetailsView.xib; sourceTree = "<group>"; };
		7151105D26D6D99D0015A7CC /* SimilarShowView.swift */ = {isa = PBXFileReference; lastKnownFileType = sourcecode.swift; path = SimilarShowView.swift; sourceTree = "<group>"; };
		7151105F26D6D9A70015A7CC /* SimilarShowView.xib */ = {isa = PBXFileReference; lastKnownFileType = file.xib; path = SimilarShowView.xib; sourceTree = "<group>"; };
		7151106326D6DA370015A7CC /* SimilarShowCollectionViewCell.swift */ = {isa = PBXFileReference; lastKnownFileType = sourcecode.swift; path = SimilarShowCollectionViewCell.swift; sourceTree = "<group>"; };
		7151106426D6DA370015A7CC /* SimilarShowCollectionViewCell.xib */ = {isa = PBXFileReference; lastKnownFileType = file.xib; path = SimilarShowCollectionViewCell.xib; sourceTree = "<group>"; };
		7151106826D6DDC80015A7CC /* UICollectionView+Register.swift */ = {isa = PBXFileReference; lastKnownFileType = sourcecode.swift; path = "UICollectionView+Register.swift"; sourceTree = "<group>"; };
		7151106A26D6FD3F0015A7CC /* SimilarShowView+Delegate.swift */ = {isa = PBXFileReference; lastKnownFileType = sourcecode.swift; path = "SimilarShowView+Delegate.swift"; sourceTree = "<group>"; };
		7151107626D810160015A7CC /* ChallengeMedicatoTests.xctest */ = {isa = PBXFileReference; explicitFileType = wrapper.cfbundle; includeInIndex = 0; path = ChallengeMedicatoTests.xctest; sourceTree = BUILT_PRODUCTS_DIR; };
		7151107826D810160015A7CC /* ChallengeMedicatoTests.swift */ = {isa = PBXFileReference; lastKnownFileType = sourcecode.swift; path = ChallengeMedicatoTests.swift; sourceTree = "<group>"; };
		7151107A26D810160015A7CC /* Info.plist */ = {isa = PBXFileReference; lastKnownFileType = text.plist.xml; path = Info.plist; sourceTree = "<group>"; };
		7151108926D815FE0015A7CC /* popularShows.json */ = {isa = PBXFileReference; lastKnownFileType = text.json; path = popularShows.json; sourceTree = "<group>"; };
		7151108B26D816660015A7CC /* CreatePopularShow.swift */ = {isa = PBXFileReference; lastKnownFileType = sourcecode.swift; path = CreatePopularShow.swift; sourceTree = "<group>"; };
		7151108D26D819A10015A7CC /* BundleTest.swift */ = {isa = PBXFileReference; lastKnownFileType = sourcecode.swift; path = BundleTest.swift; sourceTree = "<group>"; };
		7151108F26D81BDB0015A7CC /* SimilarShowsInteractorMock.swift */ = {isa = PBXFileReference; lastKnownFileType = sourcecode.swift; path = SimilarShowsInteractorMock.swift; sourceTree = "<group>"; };
		7151109126D81C9F0015A7CC /* PopularShowsInteractorMock.swift */ = {isa = PBXFileReference; lastKnownFileType = sourcecode.swift; path = PopularShowsInteractorMock.swift; sourceTree = "<group>"; };
		7151109326D822090015A7CC /* SimilarShowsInteractorDependenciesMock.swift */ = {isa = PBXFileReference; lastKnownFileType = sourcecode.swift; path = SimilarShowsInteractorDependenciesMock.swift; sourceTree = "<group>"; };
		7151109526D82B610015A7CC /* PopularShowsInteractorDependenciesMock.swift */ = {isa = PBXFileReference; lastKnownFileType = sourcecode.swift; path = PopularShowsInteractorDependenciesMock.swift; sourceTree = "<group>"; };
		7151109B26D837390015A7CC /* PopularShowsPresenterMock.swift */ = {isa = PBXFileReference; lastKnownFileType = sourcecode.swift; path = PopularShowsPresenterMock.swift; sourceTree = "<group>"; };
		7151109D26D838260015A7CC /* SimilarShowsPresenterMock.swift */ = {isa = PBXFileReference; lastKnownFileType = sourcecode.swift; path = SimilarShowsPresenterMock.swift; sourceTree = "<group>"; };
		7151109F26D83A500015A7CC /* MethodEndpointTestCase.swift */ = {isa = PBXFileReference; lastKnownFileType = sourcecode.swift; path = MethodEndpointTestCase.swift; sourceTree = "<group>"; };
		715110A126D83CA00015A7CC /* MethodEndpointMock.swift */ = {isa = PBXFileReference; lastKnownFileType = sourcecode.swift; path = MethodEndpointMock.swift; sourceTree = "<group>"; };
		715110A526D84B0C0015A7CC /* PresenterTestCase.swift */ = {isa = PBXFileReference; lastKnownFileType = sourcecode.swift; path = PresenterTestCase.swift; sourceTree = "<group>"; };
		715110A726D852510015A7CC /* InteractorTestCase.swift */ = {isa = PBXFileReference; lastKnownFileType = sourcecode.swift; path = InteractorTestCase.swift; sourceTree = "<group>"; };
		715110A926D85BEC0015A7CC /* InteractorDependenciesTestCase.swift */ = {isa = PBXFileReference; lastKnownFileType = sourcecode.swift; path = InteractorDependenciesTestCase.swift; sourceTree = "<group>"; };
		715110AC26D85D860015A7CC /* MethodRequestProtocol.swift */ = {isa = PBXFileReference; lastKnownFileType = sourcecode.swift; path = MethodRequestProtocol.swift; sourceTree = "<group>"; };
		715110B226D869F20015A7CC /* popularShowsError.json */ = {isa = PBXFileReference; lastKnownFileType = text.json; path = popularShowsError.json; sourceTree = "<group>"; };
		719766D326D96CC500F06CA7 /* KIFTests.xctest */ = {isa = PBXFileReference; explicitFileType = wrapper.cfbundle; includeInIndex = 0; path = KIFTests.xctest; sourceTree = BUILT_PRODUCTS_DIR; };
		719766D526D96CC500F06CA7 /* KIFTests.swift */ = {isa = PBXFileReference; lastKnownFileType = sourcecode.swift; path = KIFTests.swift; sourceTree = "<group>"; };
		719766D726D96CC500F06CA7 /* Info.plist */ = {isa = PBXFileReference; lastKnownFileType = text.plist.xml; path = Info.plist; sourceTree = "<group>"; };
		719766DD26D96CEC00F06CA7 /* KIF+Extension.swift */ = {isa = PBXFileReference; lastKnownFileType = sourcecode.swift; path = "KIF+Extension.swift"; sourceTree = "<group>"; };
		719766E026D96D5400F06CA7 /* BaseUITest.swift */ = {isa = PBXFileReference; lastKnownFileType = sourcecode.swift; path = BaseUITest.swift; sourceTree = "<group>"; };
		719766E226D96D6200F06CA7 /* Page.swift */ = {isa = PBXFileReference; lastKnownFileType = sourcecode.swift; path = Page.swift; sourceTree = "<group>"; };
		719766E726D974D700F06CA7 /* PopulatePage.swift */ = {isa = PBXFileReference; lastKnownFileType = sourcecode.swift; path = PopulatePage.swift; sourceTree = "<group>"; };
		719766E926D9753F00F06CA7 /* SimilarPage.swift */ = {isa = PBXFileReference; lastKnownFileType = sourcecode.swift; path = SimilarPage.swift; sourceTree = "<group>"; };
		719766EB26D976F900F06CA7 /* ChallengeMedicatoUITest.swift */ = {isa = PBXFileReference; lastKnownFileType = sourcecode.swift; path = ChallengeMedicatoUITest.swift; sourceTree = "<group>"; };
		719766F326DAEEB300F06CA7 /* launch.png */ = {isa = PBXFileReference; lastKnownFileType = image.png; path = launch.png; sourceTree = "<group>"; };
		71A34EFC26D5743300733804 /* ChallengeMedicato.app */ = {isa = PBXFileReference; explicitFileType = wrapper.application; includeInIndex = 0; path = ChallengeMedicato.app; sourceTree = BUILT_PRODUCTS_DIR; };
		71A34EFF26D5743300733804 /* AppDelegate.swift */ = {isa = PBXFileReference; lastKnownFileType = sourcecode.swift; path = AppDelegate.swift; sourceTree = "<group>"; };
		71A34F0126D5743300733804 /* SceneDelegate.swift */ = {isa = PBXFileReference; lastKnownFileType = sourcecode.swift; path = SceneDelegate.swift; sourceTree = "<group>"; };
		71A34F0826D5743600733804 /* Assets.xcassets */ = {isa = PBXFileReference; lastKnownFileType = folder.assetcatalog; path = Assets.xcassets; sourceTree = "<group>"; };
		71A34F0B26D5743600733804 /* Base */ = {isa = PBXFileReference; lastKnownFileType = file.storyboard; name = Base; path = Base.lproj/LaunchScreen.storyboard; sourceTree = "<group>"; };
		71A34F0D26D5743600733804 /* Info.plist */ = {isa = PBXFileReference; lastKnownFileType = text.plist.xml; path = Info.plist; sourceTree = "<group>"; };
		71A34F2326D57AA700733804 /* PopularShowsInteractorDependencies.swift */ = {isa = PBXFileReference; lastKnownFileType = sourcecode.swift; path = PopularShowsInteractorDependencies.swift; sourceTree = "<group>"; };
		71A34F2426D57AA700733804 /* PopularShowsPresenter.swift */ = {isa = PBXFileReference; lastKnownFileType = sourcecode.swift; path = PopularShowsPresenter.swift; sourceTree = "<group>"; };
		71A34F2626D57AA700733804 /* PopularShowsInteractor.swift */ = {isa = PBXFileReference; lastKnownFileType = sourcecode.swift; path = PopularShowsInteractor.swift; sourceTree = "<group>"; };
		71A34F2726D57AA700733804 /* PopularShowsViewController.swift */ = {isa = PBXFileReference; lastKnownFileType = sourcecode.swift; path = PopularShowsViewController.swift; sourceTree = "<group>"; };
		71A34F2926D57AA700733804 /* PopularShowsWireFrame.swift */ = {isa = PBXFileReference; lastKnownFileType = sourcecode.swift; path = PopularShowsWireFrame.swift; sourceTree = "<group>"; };
		71A34F3126D57ADB00733804 /* SimilarShowsInteractorDependencies.swift */ = {isa = PBXFileReference; lastKnownFileType = sourcecode.swift; path = SimilarShowsInteractorDependencies.swift; sourceTree = "<group>"; };
		71A34F3226D57ADB00733804 /* SimilarShowsPresenter.swift */ = {isa = PBXFileReference; lastKnownFileType = sourcecode.swift; path = SimilarShowsPresenter.swift; sourceTree = "<group>"; };
		71A34F3426D57ADB00733804 /* SimilarShowsInteractor.swift */ = {isa = PBXFileReference; lastKnownFileType = sourcecode.swift; path = SimilarShowsInteractor.swift; sourceTree = "<group>"; };
		71A34F3526D57ADB00733804 /* SimilarShowsViewController.swift */ = {isa = PBXFileReference; lastKnownFileType = sourcecode.swift; path = SimilarShowsViewController.swift; sourceTree = "<group>"; };
		71A34F3726D57ADB00733804 /* SimilarShowsWireFrame.swift */ = {isa = PBXFileReference; lastKnownFileType = sourcecode.swift; path = SimilarShowsWireFrame.swift; sourceTree = "<group>"; };
		71A34F3F26D5826000733804 /* PopularShowsViewController.xib */ = {isa = PBXFileReference; lastKnownFileType = file.xib; path = PopularShowsViewController.xib; sourceTree = "<group>"; };
		71A34F4926D58CF500733804 /* SimilarShowsViewController.xib */ = {isa = PBXFileReference; lastKnownFileType = file.xib; path = SimilarShowsViewController.xib; sourceTree = "<group>"; };
		71A34F4B26D58F5A00733804 /* Endpoint.swift */ = {isa = PBXFileReference; lastKnownFileType = sourcecode.swift; path = Endpoint.swift; sourceTree = "<group>"; };
		71A34F4D26D58F7E00733804 /* RequestMethod.swift */ = {isa = PBXFileReference; lastKnownFileType = sourcecode.swift; path = RequestMethod.swift; sourceTree = "<group>"; };
		71A34F4F26D58F9A00733804 /* RequestProtocol.swift */ = {isa = PBXFileReference; lastKnownFileType = sourcecode.swift; path = RequestProtocol.swift; sourceTree = "<group>"; };
		71A34F5126D58FC500733804 /* Feed.swift */ = {isa = PBXFileReference; lastKnownFileType = sourcecode.swift; path = Feed.swift; sourceTree = "<group>"; };
		71A34F5526D5912700733804 /* ResponseHandlingError.swift */ = {isa = PBXFileReference; lastKnownFileType = sourcecode.swift; path = ResponseHandlingError.swift; sourceTree = "<group>"; };
		71A34F5726D5914100733804 /* ResponseStatusCode.swift */ = {isa = PBXFileReference; lastKnownFileType = sourcecode.swift; path = ResponseStatusCode.swift; sourceTree = "<group>"; };
		71A34F5926D5915400733804 /* ResponseError.swift */ = {isa = PBXFileReference; lastKnownFileType = sourcecode.swift; path = ResponseError.swift; sourceTree = "<group>"; };
		71A34F5C26D5921300733804 /* AppEnvironment.swift */ = {isa = PBXFileReference; lastKnownFileType = sourcecode.swift; path = AppEnvironment.swift; sourceTree = "<group>"; };
		71A34F5E26D595E700733804 /* RequestErrorDTO.swift */ = {isa = PBXFileReference; lastKnownFileType = sourcecode.swift; path = RequestErrorDTO.swift; sourceTree = "<group>"; };
		71A34F6026D59BA300733804 /* Constants.swift */ = {isa = PBXFileReference; lastKnownFileType = sourcecode.swift; path = Constants.swift; sourceTree = "<group>"; };
		71A34F6226D5A01C00733804 /* PopularDTO.swift */ = {isa = PBXFileReference; lastKnownFileType = sourcecode.swift; path = PopularDTO.swift; sourceTree = "<group>"; };
		A5ED1F6D7DC615F742C4D1B4 /* Pods_ChallengeMedicato.framework */ = {isa = PBXFileReference; explicitFileType = wrapper.framework; includeInIndex = 0; path = Pods_ChallengeMedicato.framework; sourceTree = BUILT_PRODUCTS_DIR; };
		B681EAFA8A94F00CC2C9E56F /* Pods-KIFTests.release.xcconfig */ = {isa = PBXFileReference; includeInIndex = 1; lastKnownFileType = text.xcconfig; name = "Pods-KIFTests.release.xcconfig"; path = "Target Support Files/Pods-KIFTests/Pods-KIFTests.release.xcconfig"; sourceTree = "<group>"; };
		CCC5268814ACF077C7B839A8 /* Pods-ChallengeMedicato.debug.xcconfig */ = {isa = PBXFileReference; includeInIndex = 1; lastKnownFileType = text.xcconfig; name = "Pods-ChallengeMedicato.debug.xcconfig"; path = "Target Support Files/Pods-ChallengeMedicato/Pods-ChallengeMedicato.debug.xcconfig"; sourceTree = "<group>"; };
/* End PBXFileReference section */

/* Begin PBXFrameworksBuildPhase section */
		7151107326D810160015A7CC /* Frameworks */ = {
			isa = PBXFrameworksBuildPhase;
			buildActionMask = 2147483647;
			files = (
			);
			runOnlyForDeploymentPostprocessing = 0;
		};
		719766D026D96CC500F06CA7 /* Frameworks */ = {
			isa = PBXFrameworksBuildPhase;
			buildActionMask = 2147483647;
			files = (
				0C512EB7EFDE2E0FF2BB4123 /* Pods_KIFTests.framework in Frameworks */,
			);
			runOnlyForDeploymentPostprocessing = 0;
		};
		71A34EF926D5743300733804 /* Frameworks */ = {
			isa = PBXFrameworksBuildPhase;
			buildActionMask = 2147483647;
			files = (
				FFE1411B8EA38C4A304D5973 /* Pods_ChallengeMedicato.framework in Frameworks */,
			);
			runOnlyForDeploymentPostprocessing = 0;
		};
/* End PBXFrameworksBuildPhase section */

/* Begin PBXGroup section */
		7151103C26D675A00015A7CC /* ZeroResult */ = {
			isa = PBXGroup;
			children = (
				7151103D26D675B00015A7CC /* ZeroResultView.swift */,
				7151103F26D675C60015A7CC /* ZeroResultView.xib */,
			);
			path = ZeroResult;
			sourceTree = "<group>";
		};
		7151104526D686DC0015A7CC /* UIFont */ = {
			isa = PBXGroup;
			children = (
				7151104626D686FA0015A7CC /* UIFont+Add.swift */,
			);
			path = UIFont;
			sourceTree = "<group>";
		};
		7151104826D68C230015A7CC /* UIImageView */ = {
			isa = PBXGroup;
			children = (
				7151104926D68C310015A7CC /* UIImageView+Style.swift */,
			);
			path = UIImageView;
			sourceTree = "<group>";
		};
		7151105226D6AB800015A7CC /* Localizable */ = {
			isa = PBXGroup;
			children = (
				7151105026D6AB400015A7CC /* Localizable.swift */,
				7151105326D6AB910015A7CC /* LocalizableString.swift */,
				7151105526D6ABB10015A7CC /* Localizable.strings */,
			);
			path = Localizable;
			sourceTree = "<group>";
		};
		7151105726D6BD560015A7CC /* PopularDetailsView */ = {
			isa = PBXGroup;
			children = (
				7151105826D6BD980015A7CC /* PopularDetailsView.swift */,
				7151105A26D6BDA50015A7CC /* PopularDetailsView.xib */,
			);
			path = PopularDetailsView;
			sourceTree = "<group>";
		};
		7151105C26D6D9690015A7CC /* SimilarShowView */ = {
			isa = PBXGroup;
			children = (
				7151106226D6D9F60015A7CC /* CellView */,
				7151106126D6D9EA0015A7CC /* CollectionView */,
			);
			path = SimilarShowView;
			sourceTree = "<group>";
		};
		7151106126D6D9EA0015A7CC /* CollectionView */ = {
			isa = PBXGroup;
			children = (
				7151105D26D6D99D0015A7CC /* SimilarShowView.swift */,
				7151105F26D6D9A70015A7CC /* SimilarShowView.xib */,
				7151106A26D6FD3F0015A7CC /* SimilarShowView+Delegate.swift */,
			);
			path = CollectionView;
			sourceTree = "<group>";
		};
		7151106226D6D9F60015A7CC /* CellView */ = {
			isa = PBXGroup;
			children = (
				7151106326D6DA370015A7CC /* SimilarShowCollectionViewCell.swift */,
				7151106426D6DA370015A7CC /* SimilarShowCollectionViewCell.xib */,
			);
			path = CellView;
			sourceTree = "<group>";
		};
		7151106726D6DDA60015A7CC /* UICollectionView */ = {
			isa = PBXGroup;
			children = (
				7151106826D6DDC80015A7CC /* UICollectionView+Register.swift */,
			);
			path = UICollectionView;
			sourceTree = "<group>";
		};
		7151107726D810160015A7CC /* ChallengeMedicatoTests */ = {
			isa = PBXGroup;
			children = (
				7151108026D813480015A7CC /* Utilities */,
				7151108126D8135B0015A7CC /* Resources */,
				7151108226D8136B0015A7CC /* Mocks */,
				715110A426D84A1D0015A7CC /* Actions */,
				7151108626D813B20015A7CC /* Endpoint */,
				7151107826D810160015A7CC /* ChallengeMedicatoTests.swift */,
				7151107A26D810160015A7CC /* Info.plist */,
			);
			path = ChallengeMedicatoTests;
			sourceTree = "<group>";
		};
		7151108026D813480015A7CC /* Utilities */ = {
			isa = PBXGroup;
			children = (
				7151108B26D816660015A7CC /* CreatePopularShow.swift */,
				7151108D26D819A10015A7CC /* BundleTest.swift */,
			);
			path = Utilities;
			sourceTree = "<group>";
		};
		7151108126D8135B0015A7CC /* Resources */ = {
			isa = PBXGroup;
			children = (
				7151108926D815FE0015A7CC /* popularShows.json */,
				715110B226D869F20015A7CC /* popularShowsError.json */,
			);
			path = Resources;
			sourceTree = "<group>";
		};
		7151108226D8136B0015A7CC /* Mocks */ = {
			isa = PBXGroup;
			children = (
				715110AB26D85D770015A7CC /* Service */,
				715110A326D83CB70015A7CC /* EndPoint */,
				7151109A26D837280015A7CC /* Presenter */,
				7151108326D8138E0015A7CC /* Interactors */,
			);
			path = Mocks;
			sourceTree = "<group>";
		};
		7151108326D8138E0015A7CC /* Interactors */ = {
			isa = PBXGroup;
			children = (
				7151108F26D81BDB0015A7CC /* SimilarShowsInteractorMock.swift */,
				7151109126D81C9F0015A7CC /* PopularShowsInteractorMock.swift */,
				7151109326D822090015A7CC /* SimilarShowsInteractorDependenciesMock.swift */,
				7151109526D82B610015A7CC /* PopularShowsInteractorDependenciesMock.swift */,
			);
			path = Interactors;
			sourceTree = "<group>";
		};
		7151108626D813B20015A7CC /* Endpoint */ = {
			isa = PBXGroup;
			children = (
				7151109F26D83A500015A7CC /* MethodEndpointTestCase.swift */,
			);
			path = Endpoint;
			sourceTree = "<group>";
		};
		7151109A26D837280015A7CC /* Presenter */ = {
			isa = PBXGroup;
			children = (
				7151109B26D837390015A7CC /* PopularShowsPresenterMock.swift */,
				7151109D26D838260015A7CC /* SimilarShowsPresenterMock.swift */,
			);
			path = Presenter;
			sourceTree = "<group>";
		};
		715110A326D83CB70015A7CC /* EndPoint */ = {
			isa = PBXGroup;
			children = (
				715110A126D83CA00015A7CC /* MethodEndpointMock.swift */,
			);
			path = EndPoint;
			sourceTree = "<group>";
		};
		715110A426D84A1D0015A7CC /* Actions */ = {
			isa = PBXGroup;
			children = (
				715110A526D84B0C0015A7CC /* PresenterTestCase.swift */,
				715110A726D852510015A7CC /* InteractorTestCase.swift */,
				715110A926D85BEC0015A7CC /* InteractorDependenciesTestCase.swift */,
			);
			path = Actions;
			sourceTree = "<group>";
		};
		715110AB26D85D770015A7CC /* Service */ = {
			isa = PBXGroup;
			children = (
				715110AC26D85D860015A7CC /* MethodRequestProtocol.swift */,
			);
			path = Service;
			sourceTree = "<group>";
		};
		719766D426D96CC500F06CA7 /* KIFTests */ = {
			isa = PBXGroup;
			children = (
				719766EB26D976F900F06CA7 /* ChallengeMedicatoUITest.swift */,
				719766E426D9707100F06CA7 /* Pages */,
				719766DF26D96D3F00F06CA7 /* Utils */,
				719766D526D96CC500F06CA7 /* KIFTests.swift */,
				719766D726D96CC500F06CA7 /* Info.plist */,
				719766DD26D96CEC00F06CA7 /* KIF+Extension.swift */,
			);
			path = KIFTests;
			sourceTree = "<group>";
		};
		719766DF26D96D3F00F06CA7 /* Utils */ = {
			isa = PBXGroup;
			children = (
				719766E026D96D5400F06CA7 /* BaseUITest.swift */,
				719766E226D96D6200F06CA7 /* Page.swift */,
			);
			path = Utils;
			sourceTree = "<group>";
		};
		719766E426D9707100F06CA7 /* Pages */ = {
			isa = PBXGroup;
			children = (
				719766E726D974D700F06CA7 /* PopulatePage.swift */,
				719766E926D9753F00F06CA7 /* SimilarPage.swift */,
			);
			path = Pages;
			sourceTree = "<group>";
		};
		719766F026DAEE2C00F06CA7 /* LaunchScreen */ = {
			isa = PBXGroup;
			children = (
				719766F326DAEEB300F06CA7 /* launch.png */,
			);
			path = LaunchScreen;
			sourceTree = "<group>";
		};
		71A34EF326D5743200733804 = {
			isa = PBXGroup;
			children = (
				71A34EFE26D5743300733804 /* ChallengeMedicato */,
				7151107726D810160015A7CC /* ChallengeMedicatoTests */,
				719766D426D96CC500F06CA7 /* KIFTests */,
				71A34EFD26D5743300733804 /* Products */,
				D80E95C58F592127F54EC7A7 /* Pods */,
				C052ECAD05D42B445BDC306B /* Frameworks */,
			);
			sourceTree = "<group>";
		};
		71A34EFD26D5743300733804 /* Products */ = {
			isa = PBXGroup;
			children = (
				71A34EFC26D5743300733804 /* ChallengeMedicato.app */,
				7151107626D810160015A7CC /* ChallengeMedicatoTests.xctest */,
				719766D326D96CC500F06CA7 /* KIFTests.xctest */,
			);
			name = Products;
			sourceTree = "<group>";
		};
		71A34EFE26D5743300733804 /* ChallengeMedicato */ = {
			isa = PBXGroup;
			children = (
				71A34F1326D574DB00733804 /* Extension */,
				71A34F1826D5757300733804 /* Infraestructure */,
				71A34F1C26D576E900733804 /* Core */,
				71A34F1D26D5772400733804 /* Delivery */,
				71A34EFF26D5743300733804 /* AppDelegate.swift */,
				71A34F0126D5743300733804 /* SceneDelegate.swift */,
				71A34F0826D5743600733804 /* Assets.xcassets */,
				71A34F0A26D5743600733804 /* LaunchScreen.storyboard */,
				71A34F0D26D5743600733804 /* Info.plist */,
			);
			path = ChallengeMedicato;
			sourceTree = "<group>";
		};
		71A34F1326D574DB00733804 /* Extension */ = {
			isa = PBXGroup;
			children = (
				7151106726D6DDA60015A7CC /* UICollectionView */,
				7151104826D68C230015A7CC /* UIImageView */,
				7151104526D686DC0015A7CC /* UIFont */,
				71A34F1426D574E300733804 /* UIView */,
				71A34F1526D574EF00733804 /* UIViewController */,
				71A34F1626D5750300733804 /* UITableView */,
				71A34F1726D5751900733804 /* UITableViewCell */,
			);
			path = Extension;
			sourceTree = "<group>";
		};
		71A34F1426D574E300733804 /* UIView */ = {
			isa = PBXGroup;
			children = (
				7151103026D673C40015A7CC /* ReusableView.swift */,
			);
			path = UIView;
			sourceTree = "<group>";
		};
		71A34F1526D574EF00733804 /* UIViewController */ = {
			isa = PBXGroup;
			children = (
				7151103226D673E50015A7CC /* UIViewController+HUD.swift */,
			);
			path = UIViewController;
			sourceTree = "<group>";
		};
		71A34F1626D5750300733804 /* UITableView */ = {
			isa = PBXGroup;
			children = (
				7151103426D6740A0015A7CC /* UITableViewCell+Register.swift */,
				7151103626D6742E0015A7CC /* UITableView+Extension.swift */,
			);
			path = UITableView;
			sourceTree = "<group>";
		};
		71A34F1726D5751900733804 /* UITableViewCell */ = {
			isa = PBXGroup;
			children = (
				7151103826D674DF0015A7CC /* ConfigurableCell.swift */,
				7151103A26D674F10015A7CC /* ReusableCell.swift */,
			);
			path = UITableViewCell;
			sourceTree = "<group>";
		};
		71A34F1826D5757300733804 /* Infraestructure */ = {
			isa = PBXGroup;
			children = (
				71A34F1B26D5761400733804 /* NetworkingService */,
				71A34F1926D575A200733804 /* Parameters */,
				71A34F1A26D575C300733804 /* DTO */,
			);
			path = Infraestructure;
			sourceTree = "<group>";
		};
		71A34F1926D575A200733804 /* Parameters */ = {
			isa = PBXGroup;
			children = (
				71A34F6026D59BA300733804 /* Constants.swift */,
			);
			path = Parameters;
			sourceTree = "<group>";
		};
		71A34F1A26D575C300733804 /* DTO */ = {
			isa = PBXGroup;
			children = (
				71A34F5E26D595E700733804 /* RequestErrorDTO.swift */,
				71A34F6226D5A01C00733804 /* PopularDTO.swift */,
			);
			path = DTO;
			sourceTree = "<group>";
		};
		71A34F1B26D5761400733804 /* NetworkingService */ = {
			isa = PBXGroup;
			children = (
				71A34F5426D590EC00733804 /* Error */,
				71A34F5326D590E100733804 /* Request */,
				71A34F4B26D58F5A00733804 /* Endpoint.swift */,
				71A34F5126D58FC500733804 /* Feed.swift */,
			);
			path = NetworkingService;
			sourceTree = "<group>";
		};
		71A34F1C26D576E900733804 /* Core */ = {
			isa = PBXGroup;
			children = (
				7151105226D6AB800015A7CC /* Localizable */,
				71A34F5B26D5920600733804 /* Environment */,
			);
			path = Core;
			sourceTree = "<group>";
		};
		71A34F1D26D5772400733804 /* Delivery */ = {
			isa = PBXGroup;
			children = (
				71A34F1E26D5774200733804 /* UIComponent */,
				71A34F1F26D5774D00733804 /* Flows */,
			);
			path = Delivery;
			sourceTree = "<group>";
		};
		71A34F1E26D5774200733804 /* UIComponent */ = {
			isa = PBXGroup;
			children = (
				719766F026DAEE2C00F06CA7 /* LaunchScreen */,
				7151105C26D6D9690015A7CC /* SimilarShowView */,
				7151105726D6BD560015A7CC /* PopularDetailsView */,
				7151103C26D675A00015A7CC /* ZeroResult */,
				71A34F2026D577F500733804 /* TableViewCell */,
			);
			path = UIComponent;
			sourceTree = "<group>";
		};
		71A34F1F26D5774D00733804 /* Flows */ = {
			isa = PBXGroup;
			children = (
				71A34F2126D5789300733804 /* Popular Shows */,
				71A34F2226D578C000733804 /* Similar Shows */,
			);
			path = Flows;
			sourceTree = "<group>";
		};
		71A34F2026D577F500733804 /* TableViewCell */ = {
			isa = PBXGroup;
			children = (
				7151104126D677020015A7CC /* PopularShowsTableViewCell.swift */,
				7151104226D677020015A7CC /* PopularShowsTableViewCell.xib */,
			);
			path = TableViewCell;
			sourceTree = "<group>";
		};
		71A34F2126D5789300733804 /* Popular Shows */ = {
			isa = PBXGroup;
			children = (
				71A34F4426D5835D00733804 /* WireFrame */,
				71A34F4326D5835500733804 /* View */,
				71A34F4226D5834E00733804 /* Interactor */,
				71A34F4126D5834400733804 /* Presenter */,
			);
			path = "Popular Shows";
			sourceTree = "<group>";
		};
		71A34F2226D578C000733804 /* Similar Shows */ = {
			isa = PBXGroup;
			children = (
				71A34F4526D58AB700733804 /* WireFrame */,
				71A34F4626D58AC300733804 /* View */,
				71A34F4726D58AD300733804 /* Interactor */,
				71A34F4826D58ADD00733804 /* Presenter */,
			);
			path = "Similar Shows";
			sourceTree = "<group>";
		};
		71A34F4126D5834400733804 /* Presenter */ = {
			isa = PBXGroup;
			children = (
				71A34F2426D57AA700733804 /* PopularShowsPresenter.swift */,
			);
			path = Presenter;
			sourceTree = "<group>";
		};
		71A34F4226D5834E00733804 /* Interactor */ = {
			isa = PBXGroup;
			children = (
				71A34F2626D57AA700733804 /* PopularShowsInteractor.swift */,
				71A34F2326D57AA700733804 /* PopularShowsInteractorDependencies.swift */,
			);
			path = Interactor;
			sourceTree = "<group>";
		};
		71A34F4326D5835500733804 /* View */ = {
			isa = PBXGroup;
			children = (
				71A34F3F26D5826000733804 /* PopularShowsViewController.xib */,
				71A34F2726D57AA700733804 /* PopularShowsViewController.swift */,
				7151104E26D6A9F00015A7CC /* PopularShowsViewController+TableView.swift */,
			);
			path = View;
			sourceTree = "<group>";
		};
		71A34F4426D5835D00733804 /* WireFrame */ = {
			isa = PBXGroup;
			children = (
				71A34F2926D57AA700733804 /* PopularShowsWireFrame.swift */,
			);
			path = WireFrame;
			sourceTree = "<group>";
		};
		71A34F4526D58AB700733804 /* WireFrame */ = {
			isa = PBXGroup;
			children = (
				71A34F3726D57ADB00733804 /* SimilarShowsWireFrame.swift */,
			);
			path = WireFrame;
			sourceTree = "<group>";
		};
		71A34F4626D58AC300733804 /* View */ = {
			isa = PBXGroup;
			children = (
				71A34F3526D57ADB00733804 /* SimilarShowsViewController.swift */,
				71A34F4926D58CF500733804 /* SimilarShowsViewController.xib */,
			);
			path = View;
			sourceTree = "<group>";
		};
		71A34F4726D58AD300733804 /* Interactor */ = {
			isa = PBXGroup;
			children = (
				71A34F3426D57ADB00733804 /* SimilarShowsInteractor.swift */,
				71A34F3126D57ADB00733804 /* SimilarShowsInteractorDependencies.swift */,
			);
			path = Interactor;
			sourceTree = "<group>";
		};
		71A34F4826D58ADD00733804 /* Presenter */ = {
			isa = PBXGroup;
			children = (
				71A34F3226D57ADB00733804 /* SimilarShowsPresenter.swift */,
			);
			path = Presenter;
			sourceTree = "<group>";
		};
		71A34F5326D590E100733804 /* Request */ = {
			isa = PBXGroup;
			children = (
				71A34F4D26D58F7E00733804 /* RequestMethod.swift */,
				71A34F4F26D58F9A00733804 /* RequestProtocol.swift */,
			);
			path = Request;
			sourceTree = "<group>";
		};
		71A34F5426D590EC00733804 /* Error */ = {
			isa = PBXGroup;
			children = (
				71A34F5526D5912700733804 /* ResponseHandlingError.swift */,
				71A34F5726D5914100733804 /* ResponseStatusCode.swift */,
				71A34F5926D5915400733804 /* ResponseError.swift */,
			);
			path = Error;
			sourceTree = "<group>";
		};
		71A34F5B26D5920600733804 /* Environment */ = {
			isa = PBXGroup;
			children = (
				71A34F5C26D5921300733804 /* AppEnvironment.swift */,
			);
			path = Environment;
			sourceTree = "<group>";
		};
		C052ECAD05D42B445BDC306B /* Frameworks */ = {
			isa = PBXGroup;
			children = (
				A5ED1F6D7DC615F742C4D1B4 /* Pods_ChallengeMedicato.framework */,
				17773B1CF4A80DE8CC89AF40 /* Pods_KIFTests.framework */,
			);
			name = Frameworks;
			sourceTree = "<group>";
		};
		D80E95C58F592127F54EC7A7 /* Pods */ = {
			isa = PBXGroup;
			children = (
				CCC5268814ACF077C7B839A8 /* Pods-ChallengeMedicato.debug.xcconfig */,
				033BAB1FDB612AA6279E3D24 /* Pods-ChallengeMedicato.release.xcconfig */,
				69E7C0CFA38A967FCC4349D0 /* Pods-KIFTests.debug.xcconfig */,
				B681EAFA8A94F00CC2C9E56F /* Pods-KIFTests.release.xcconfig */,
			);
			path = Pods;
			sourceTree = "<group>";
		};
/* End PBXGroup section */

/* Begin PBXNativeTarget section */
		7151107526D810160015A7CC /* ChallengeMedicatoTests */ = {
			isa = PBXNativeTarget;
			buildConfigurationList = 7151107F26D810160015A7CC /* Build configuration list for PBXNativeTarget "ChallengeMedicatoTests" */;
			buildPhases = (
				7151107226D810160015A7CC /* Sources */,
				7151107326D810160015A7CC /* Frameworks */,
				7151107426D810160015A7CC /* Resources */,
			);
			buildRules = (
			);
			dependencies = (
				7151107C26D810160015A7CC /* PBXTargetDependency */,
			);
			name = ChallengeMedicatoTests;
			productName = ChallengeMedicatoTests;
			productReference = 7151107626D810160015A7CC /* ChallengeMedicatoTests.xctest */;
			productType = "com.apple.product-type.bundle.unit-test";
		};
		719766D226D96CC500F06CA7 /* KIFTests */ = {
			isa = PBXNativeTarget;
			buildConfigurationList = 719766DA26D96CC500F06CA7 /* Build configuration list for PBXNativeTarget "KIFTests" */;
			buildPhases = (
				059BA15771D253D5B5AEB32F /* [CP] Check Pods Manifest.lock */,
				719766CF26D96CC500F06CA7 /* Sources */,
				719766D026D96CC500F06CA7 /* Frameworks */,
				719766D126D96CC500F06CA7 /* Resources */,
				54DFF5D82861C82B68AE1FAE /* [CP] Embed Pods Frameworks */,
			);
			buildRules = (
			);
			dependencies = (
				719766D926D96CC500F06CA7 /* PBXTargetDependency */,
			);
			name = KIFTests;
			productName = KIFTests;
			productReference = 719766D326D96CC500F06CA7 /* KIFTests.xctest */;
			productType = "com.apple.product-type.bundle.unit-test";
		};
		71A34EFB26D5743300733804 /* ChallengeMedicato */ = {
			isa = PBXNativeTarget;
			buildConfigurationList = 71A34F1026D5743600733804 /* Build configuration list for PBXNativeTarget "ChallengeMedicato" */;
			buildPhases = (
				44E785D59BEB4D1AA3F47B3D /* [CP] Check Pods Manifest.lock */,
				71A34EF826D5743300733804 /* Sources */,
				71A34EF926D5743300733804 /* Frameworks */,
				71A34EFA26D5743300733804 /* Resources */,
				B005EDB63CA9E1628E9718F2 /* [CP] Embed Pods Frameworks */,
			);
			buildRules = (
			);
			dependencies = (
			);
			name = ChallengeMedicato;
			productName = ChallengeMedicato;
			productReference = 71A34EFC26D5743300733804 /* ChallengeMedicato.app */;
			productType = "com.apple.product-type.application";
		};
/* End PBXNativeTarget section */

/* Begin PBXProject section */
		71A34EF426D5743300733804 /* Project object */ = {
			isa = PBXProject;
			attributes = {
				LastSwiftUpdateCheck = 1250;
				LastUpgradeCheck = 1250;
				TargetAttributes = {
					7151107526D810160015A7CC = {
						CreatedOnToolsVersion = 12.5.1;
						TestTargetID = 71A34EFB26D5743300733804;
					};
					719766D226D96CC500F06CA7 = {
						CreatedOnToolsVersion = 12.5.1;
						TestTargetID = 71A34EFB26D5743300733804;
					};
					71A34EFB26D5743300733804 = {
						CreatedOnToolsVersion = 12.5.1;
					};
				};
			};
			buildConfigurationList = 71A34EF726D5743300733804 /* Build configuration list for PBXProject "ChallengeMedicato" */;
			compatibilityVersion = "Xcode 9.3";
			developmentRegion = en;
			hasScannedForEncodings = 0;
			knownRegions = (
				en,
				Base,
			);
			mainGroup = 71A34EF326D5743200733804;
			productRefGroup = 71A34EFD26D5743300733804 /* Products */;
			projectDirPath = "";
			projectRoot = "";
			targets = (
				71A34EFB26D5743300733804 /* ChallengeMedicato */,
				7151107526D810160015A7CC /* ChallengeMedicatoTests */,
				719766D226D96CC500F06CA7 /* KIFTests */,
			);
		};
/* End PBXProject section */

/* Begin PBXResourcesBuildPhase section */
		7151107426D810160015A7CC /* Resources */ = {
			isa = PBXResourcesBuildPhase;
			buildActionMask = 2147483647;
			files = (
				7151108A26D815FE0015A7CC /* popularShows.json in Resources */,
				715110B326D869F20015A7CC /* popularShowsError.json in Resources */,
			);
			runOnlyForDeploymentPostprocessing = 0;
		};
		719766D126D96CC500F06CA7 /* Resources */ = {
			isa = PBXResourcesBuildPhase;
			buildActionMask = 2147483647;
			files = (
			);
			runOnlyForDeploymentPostprocessing = 0;
		};
		71A34EFA26D5743300733804 /* Resources */ = {
			isa = PBXResourcesBuildPhase;
			buildActionMask = 2147483647;
			files = (
				7151104026D675C60015A7CC /* ZeroResultView.xib in Resources */,
				7151106626D6DA370015A7CC /* SimilarShowCollectionViewCell.xib in Resources */,
				71A34F0C26D5743600733804 /* LaunchScreen.storyboard in Resources */,
				71A34F4026D5826000733804 /* PopularShowsViewController.xib in Resources */,
				7151105B26D6BDA50015A7CC /* PopularDetailsView.xib in Resources */,
				7151105626D6ABB10015A7CC /* Localizable.strings in Resources */,
				719766F426DAEEB300F06CA7 /* launch.png in Resources */,
				71A34F0926D5743600733804 /* Assets.xcassets in Resources */,
				7151104426D677020015A7CC /* PopularShowsTableViewCell.xib in Resources */,
				7151106026D6D9A80015A7CC /* SimilarShowView.xib in Resources */,
				71A34F4A26D58CF500733804 /* SimilarShowsViewController.xib in Resources */,
			);
			runOnlyForDeploymentPostprocessing = 0;
		};
/* End PBXResourcesBuildPhase section */

/* Begin PBXShellScriptBuildPhase section */
		059BA15771D253D5B5AEB32F /* [CP] Check Pods Manifest.lock */ = {
			isa = PBXShellScriptBuildPhase;
			buildActionMask = 2147483647;
			files = (
			);
			inputFileListPaths = (
			);
			inputPaths = (
				"${PODS_PODFILE_DIR_PATH}/Podfile.lock",
				"${PODS_ROOT}/Manifest.lock",
			);
			name = "[CP] Check Pods Manifest.lock";
			outputFileListPaths = (
			);
			outputPaths = (
				"$(DERIVED_FILE_DIR)/Pods-KIFTests-checkManifestLockResult.txt",
			);
			runOnlyForDeploymentPostprocessing = 0;
			shellPath = /bin/sh;
			shellScript = "diff \"${PODS_PODFILE_DIR_PATH}/Podfile.lock\" \"${PODS_ROOT}/Manifest.lock\" > /dev/null\nif [ $? != 0 ] ; then\n    # print error to STDERR\n    echo \"error: The sandbox is not in sync with the Podfile.lock. Run 'pod install' or update your CocoaPods installation.\" >&2\n    exit 1\nfi\n# This output is used by Xcode 'outputs' to avoid re-running this script phase.\necho \"SUCCESS\" > \"${SCRIPT_OUTPUT_FILE_0}\"\n";
			showEnvVarsInLog = 0;
		};
		44E785D59BEB4D1AA3F47B3D /* [CP] Check Pods Manifest.lock */ = {
			isa = PBXShellScriptBuildPhase;
			buildActionMask = 2147483647;
			files = (
			);
			inputFileListPaths = (
			);
			inputPaths = (
				"${PODS_PODFILE_DIR_PATH}/Podfile.lock",
				"${PODS_ROOT}/Manifest.lock",
			);
			name = "[CP] Check Pods Manifest.lock";
			outputFileListPaths = (
			);
			outputPaths = (
				"$(DERIVED_FILE_DIR)/Pods-ChallengeMedicato-checkManifestLockResult.txt",
			);
			runOnlyForDeploymentPostprocessing = 0;
			shellPath = /bin/sh;
			shellScript = "diff \"${PODS_PODFILE_DIR_PATH}/Podfile.lock\" \"${PODS_ROOT}/Manifest.lock\" > /dev/null\nif [ $? != 0 ] ; then\n    # print error to STDERR\n    echo \"error: The sandbox is not in sync with the Podfile.lock. Run 'pod install' or update your CocoaPods installation.\" >&2\n    exit 1\nfi\n# This output is used by Xcode 'outputs' to avoid re-running this script phase.\necho \"SUCCESS\" > \"${SCRIPT_OUTPUT_FILE_0}\"\n";
			showEnvVarsInLog = 0;
		};
		54DFF5D82861C82B68AE1FAE /* [CP] Embed Pods Frameworks */ = {
			isa = PBXShellScriptBuildPhase;
			buildActionMask = 2147483647;
			files = (
			);
			inputFileListPaths = (
				"${PODS_ROOT}/Target Support Files/Pods-KIFTests/Pods-KIFTests-frameworks-${CONFIGURATION}-input-files.xcfilelist",
			);
			name = "[CP] Embed Pods Frameworks";
			outputFileListPaths = (
				"${PODS_ROOT}/Target Support Files/Pods-KIFTests/Pods-KIFTests-frameworks-${CONFIGURATION}-output-files.xcfilelist",
			);
			runOnlyForDeploymentPostprocessing = 0;
			shellPath = /bin/sh;
			shellScript = "\"${PODS_ROOT}/Target Support Files/Pods-KIFTests/Pods-KIFTests-frameworks.sh\"\n";
			showEnvVarsInLog = 0;
		};
		B005EDB63CA9E1628E9718F2 /* [CP] Embed Pods Frameworks */ = {
			isa = PBXShellScriptBuildPhase;
			buildActionMask = 2147483647;
			files = (
			);
			inputFileListPaths = (
				"${PODS_ROOT}/Target Support Files/Pods-ChallengeMedicato/Pods-ChallengeMedicato-frameworks-${CONFIGURATION}-input-files.xcfilelist",
			);
			name = "[CP] Embed Pods Frameworks";
			outputFileListPaths = (
				"${PODS_ROOT}/Target Support Files/Pods-ChallengeMedicato/Pods-ChallengeMedicato-frameworks-${CONFIGURATION}-output-files.xcfilelist",
			);
			runOnlyForDeploymentPostprocessing = 0;
			shellPath = /bin/sh;
			shellScript = "\"${PODS_ROOT}/Target Support Files/Pods-ChallengeMedicato/Pods-ChallengeMedicato-frameworks.sh\"\n";
			showEnvVarsInLog = 0;
		};
/* End PBXShellScriptBuildPhase section */

/* Begin PBXSourcesBuildPhase section */
		7151107226D810160015A7CC /* Sources */ = {
			isa = PBXSourcesBuildPhase;
			buildActionMask = 2147483647;
			files = (
				7151109426D822090015A7CC /* SimilarShowsInteractorDependenciesMock.swift in Sources */,
				7151108C26D816660015A7CC /* CreatePopularShow.swift in Sources */,
				7151107926D810160015A7CC /* ChallengeMedicatoTests.swift in Sources */,
				715110A226D83CA00015A7CC /* MethodEndpointMock.swift in Sources */,
				7151109C26D837390015A7CC /* PopularShowsPresenterMock.swift in Sources */,
				7151109226D81C9F0015A7CC /* PopularShowsInteractorMock.swift in Sources */,
				7151109E26D838260015A7CC /* SimilarShowsPresenterMock.swift in Sources */,
				715110A026D83A500015A7CC /* MethodEndpointTestCase.swift in Sources */,
				715110A826D852510015A7CC /* InteractorTestCase.swift in Sources */,
				715110AA26D85BEC0015A7CC /* InteractorDependenciesTestCase.swift in Sources */,
				7151109026D81BDB0015A7CC /* SimilarShowsInteractorMock.swift in Sources */,
				715110A626D84B0C0015A7CC /* PresenterTestCase.swift in Sources */,
				7151109626D82B610015A7CC /* PopularShowsInteractorDependenciesMock.swift in Sources */,
				7151108E26D819A10015A7CC /* BundleTest.swift in Sources */,
				715110AD26D85D860015A7CC /* MethodRequestProtocol.swift in Sources */,
			);
			runOnlyForDeploymentPostprocessing = 0;
		};
		719766CF26D96CC500F06CA7 /* Sources */ = {
			isa = PBXSourcesBuildPhase;
			buildActionMask = 2147483647;
			files = (
				719766E126D96D5400F06CA7 /* BaseUITest.swift in Sources */,
				719766E826D974D700F06CA7 /* PopulatePage.swift in Sources */,
				719766DE26D96CEC00F06CA7 /* KIF+Extension.swift in Sources */,
				719766E326D96D6200F06CA7 /* Page.swift in Sources */,
				719766D626D96CC500F06CA7 /* KIFTests.swift in Sources */,
				719766EA26D9753F00F06CA7 /* SimilarPage.swift in Sources */,
				719766EC26D976F900F06CA7 /* ChallengeMedicatoUITest.swift in Sources */,
			);
			runOnlyForDeploymentPostprocessing = 0;
		};
		71A34EF826D5743300733804 /* Sources */ = {
			isa = PBXSourcesBuildPhase;
			buildActionMask = 2147483647;
			files = (
				71A34F2A26D57AA700733804 /* PopularShowsInteractorDependencies.swift in Sources */,
				71A34F6126D59BA300733804 /* Constants.swift in Sources */,
				71A34F3826D57ADB00733804 /* SimilarShowsInteractorDependencies.swift in Sources */,
				71A34F2E26D57AA700733804 /* PopularShowsViewController.swift in Sources */,
				71A34F6326D5A01C00733804 /* PopularDTO.swift in Sources */,
				71A34F4C26D58F5A00733804 /* Endpoint.swift in Sources */,
				71A34F4E26D58F7E00733804 /* RequestMethod.swift in Sources */,
				71A34F5F26D595E700733804 /* RequestErrorDTO.swift in Sources */,
				71A34F5D26D5921300733804 /* AppEnvironment.swift in Sources */,
				71A34F0026D5743300733804 /* AppDelegate.swift in Sources */,
				7151103326D673E50015A7CC /* UIViewController+HUD.swift in Sources */,
				71A34F2D26D57AA700733804 /* PopularShowsInteractor.swift in Sources */,
				7151103126D673C40015A7CC /* ReusableView.swift in Sources */,
				71A34F2B26D57AA700733804 /* PopularShowsPresenter.swift in Sources */,
				7151104726D686FA0015A7CC /* UIFont+Add.swift in Sources */,
				71A34F0226D5743300733804 /* SceneDelegate.swift in Sources */,
				7151104A26D68C310015A7CC /* UIImageView+Style.swift in Sources */,
				71A34F5826D5914100733804 /* ResponseStatusCode.swift in Sources */,
				71A34F5226D58FC500733804 /* Feed.swift in Sources */,
				71A34F5026D58F9A00733804 /* RequestProtocol.swift in Sources */,
				71A34F3C26D57ADB00733804 /* SimilarShowsViewController.swift in Sources */,
				71A34F3B26D57ADB00733804 /* SimilarShowsInteractor.swift in Sources */,
				7151106926D6DDC80015A7CC /* UICollectionView+Register.swift in Sources */,
				7151104326D677020015A7CC /* PopularShowsTableViewCell.swift in Sources */,
				7151103B26D674F10015A7CC /* ReusableCell.swift in Sources */,
				71A34F5626D5912700733804 /* ResponseHandlingError.swift in Sources */,
				7151105426D6AB910015A7CC /* LocalizableString.swift in Sources */,
				71A34F5A26D5915400733804 /* ResponseError.swift in Sources */,
				7151103E26D675B00015A7CC /* ZeroResultView.swift in Sources */,
				7151103726D6742E0015A7CC /* UITableView+Extension.swift in Sources */,
				7151103926D674DF0015A7CC /* ConfigurableCell.swift in Sources */,
				7151106526D6DA370015A7CC /* SimilarShowCollectionViewCell.swift in Sources */,
				7151103526D6740A0015A7CC /* UITableViewCell+Register.swift in Sources */,
				7151104F26D6A9F00015A7CC /* PopularShowsViewController+TableView.swift in Sources */,
				71A34F3026D57AA700733804 /* PopularShowsWireFrame.swift in Sources */,
				71A34F3926D57ADB00733804 /* SimilarShowsPresenter.swift in Sources */,
				7151105126D6AB400015A7CC /* Localizable.swift in Sources */,
				71A34F3E26D57ADB00733804 /* SimilarShowsWireFrame.swift in Sources */,
				7151106B26D6FD3F0015A7CC /* SimilarShowView+Delegate.swift in Sources */,
				7151105E26D6D99D0015A7CC /* SimilarShowView.swift in Sources */,
				7151105926D6BD980015A7CC /* PopularDetailsView.swift in Sources */,
			);
			runOnlyForDeploymentPostprocessing = 0;
		};
/* End PBXSourcesBuildPhase section */

/* Begin PBXTargetDependency section */
		7151107C26D810160015A7CC /* PBXTargetDependency */ = {
			isa = PBXTargetDependency;
			target = 71A34EFB26D5743300733804 /* ChallengeMedicato */;
			targetProxy = 7151107B26D810160015A7CC /* PBXContainerItemProxy */;
		};
		719766D926D96CC500F06CA7 /* PBXTargetDependency */ = {
			isa = PBXTargetDependency;
			target = 71A34EFB26D5743300733804 /* ChallengeMedicato */;
			targetProxy = 719766D826D96CC500F06CA7 /* PBXContainerItemProxy */;
		};
/* End PBXTargetDependency section */

/* Begin PBXVariantGroup section */
		71A34F0A26D5743600733804 /* LaunchScreen.storyboard */ = {
			isa = PBXVariantGroup;
			children = (
				71A34F0B26D5743600733804 /* Base */,
			);
			name = LaunchScreen.storyboard;
			sourceTree = "<group>";
		};
/* End PBXVariantGroup section */

/* Begin XCBuildConfiguration section */
		7151107D26D810160015A7CC /* Debug */ = {
			isa = XCBuildConfiguration;
			buildSettings = {
				BUNDLE_LOADER = "$(TEST_HOST)";
				CODE_SIGN_STYLE = Automatic;
				DEVELOPMENT_TEAM = HV289Y8V97;
				INFOPLIST_FILE = ChallengeMedicatoTests/Info.plist;
				LD_RUNPATH_SEARCH_PATHS = (
					"$(inherited)",
					"@executable_path/Frameworks",
					"@loader_path/Frameworks",
				);
				PRODUCT_BUNDLE_IDENTIFIER = com.gustavoaceredo.ChallengeMedicatoTests;
				PRODUCT_NAME = "$(TARGET_NAME)";
				SWIFT_VERSION = 5.0;
				TARGETED_DEVICE_FAMILY = "1,2";
				TEST_HOST = "$(BUILT_PRODUCTS_DIR)/ChallengeMedicato.app/ChallengeMedicato";
			};
			name = Debug;
		};
		7151107E26D810160015A7CC /* Release */ = {
			isa = XCBuildConfiguration;
			buildSettings = {
				BUNDLE_LOADER = "$(TEST_HOST)";
				CODE_SIGN_STYLE = Automatic;
				DEVELOPMENT_TEAM = HV289Y8V97;
				INFOPLIST_FILE = ChallengeMedicatoTests/Info.plist;
				LD_RUNPATH_SEARCH_PATHS = (
					"$(inherited)",
					"@executable_path/Frameworks",
					"@loader_path/Frameworks",
				);
				PRODUCT_BUNDLE_IDENTIFIER = com.gustavoaceredo.ChallengeMedicatoTests;
				PRODUCT_NAME = "$(TARGET_NAME)";
				SWIFT_VERSION = 5.0;
				TARGETED_DEVICE_FAMILY = "1,2";
				TEST_HOST = "$(BUILT_PRODUCTS_DIR)/ChallengeMedicato.app/ChallengeMedicato";
			};
			name = Release;
		};
		719766DB26D96CC500F06CA7 /* Debug */ = {
			isa = XCBuildConfiguration;
			baseConfigurationReference = 69E7C0CFA38A967FCC4349D0 /* Pods-KIFTests.debug.xcconfig */;
			buildSettings = {
				BUNDLE_LOADER = "$(TEST_HOST)";
				CODE_SIGN_STYLE = Automatic;
				DEVELOPMENT_TEAM = HV289Y8V97;
				INFOPLIST_FILE = KIFTests/Info.plist;
				LD_RUNPATH_SEARCH_PATHS = (
					"$(inherited)",
					"@executable_path/Frameworks",
					"@loader_path/Frameworks",
				);
				PRODUCT_BUNDLE_IDENTIFIER = com.gustavoaceredo.KIFTests;
				PRODUCT_NAME = "$(TARGET_NAME)";
				SWIFT_VERSION = 5.0;
				TARGETED_DEVICE_FAMILY = "1,2";
				TEST_HOST = "$(BUILT_PRODUCTS_DIR)/ChallengeMedicato.app/ChallengeMedicato";
			};
			name = Debug;
		};
		719766DC26D96CC500F06CA7 /* Release */ = {
			isa = XCBuildConfiguration;
			baseConfigurationReference = B681EAFA8A94F00CC2C9E56F /* Pods-KIFTests.release.xcconfig */;
			buildSettings = {
				BUNDLE_LOADER = "$(TEST_HOST)";
				CODE_SIGN_STYLE = Automatic;
				DEVELOPMENT_TEAM = HV289Y8V97;
				INFOPLIST_FILE = KIFTests/Info.plist;
				LD_RUNPATH_SEARCH_PATHS = (
					"$(inherited)",
					"@executable_path/Frameworks",
					"@loader_path/Frameworks",
				);
				PRODUCT_BUNDLE_IDENTIFIER = com.gustavoaceredo.KIFTests;
				PRODUCT_NAME = "$(TARGET_NAME)";
				SWIFT_VERSION = 5.0;
				TARGETED_DEVICE_FAMILY = "1,2";
				TEST_HOST = "$(BUILT_PRODUCTS_DIR)/ChallengeMedicato.app/ChallengeMedicato";
			};
			name = Release;
		};
		71A34F0E26D5743600733804 /* Debug */ = {
			isa = XCBuildConfiguration;
			buildSettings = {
				ALWAYS_SEARCH_USER_PATHS = NO;
				CLANG_ANALYZER_NONNULL = YES;
				CLANG_ANALYZER_NUMBER_OBJECT_CONVERSION = YES_AGGRESSIVE;
				CLANG_CXX_LANGUAGE_STANDARD = "gnu++14";
				CLANG_CXX_LIBRARY = "libc++";
				CLANG_ENABLE_MODULES = YES;
				CLANG_ENABLE_OBJC_ARC = YES;
				CLANG_ENABLE_OBJC_WEAK = YES;
				CLANG_WARN_BLOCK_CAPTURE_AUTORELEASING = YES;
				CLANG_WARN_BOOL_CONVERSION = YES;
				CLANG_WARN_COMMA = YES;
				CLANG_WARN_CONSTANT_CONVERSION = YES;
				CLANG_WARN_DEPRECATED_OBJC_IMPLEMENTATIONS = YES;
				CLANG_WARN_DIRECT_OBJC_ISA_USAGE = YES_ERROR;
				CLANG_WARN_DOCUMENTATION_COMMENTS = YES;
				CLANG_WARN_EMPTY_BODY = YES;
				CLANG_WARN_ENUM_CONVERSION = YES;
				CLANG_WARN_INFINITE_RECURSION = YES;
				CLANG_WARN_INT_CONVERSION = YES;
				CLANG_WARN_NON_LITERAL_NULL_CONVERSION = YES;
				CLANG_WARN_OBJC_IMPLICIT_RETAIN_SELF = YES;
				CLANG_WARN_OBJC_LITERAL_CONVERSION = YES;
				CLANG_WARN_OBJC_ROOT_CLASS = YES_ERROR;
				CLANG_WARN_QUOTED_INCLUDE_IN_FRAMEWORK_HEADER = YES;
				CLANG_WARN_RANGE_LOOP_ANALYSIS = YES;
				CLANG_WARN_STRICT_PROTOTYPES = YES;
				CLANG_WARN_SUSPICIOUS_MOVE = YES;
				CLANG_WARN_UNGUARDED_AVAILABILITY = YES_AGGRESSIVE;
				CLANG_WARN_UNREACHABLE_CODE = YES;
				CLANG_WARN__DUPLICATE_METHOD_MATCH = YES;
				COPY_PHASE_STRIP = NO;
				DEBUG_INFORMATION_FORMAT = dwarf;
				ENABLE_STRICT_OBJC_MSGSEND = YES;
				ENABLE_TESTABILITY = YES;
				GCC_C_LANGUAGE_STANDARD = gnu11;
				GCC_DYNAMIC_NO_PIC = NO;
				GCC_NO_COMMON_BLOCKS = YES;
				GCC_OPTIMIZATION_LEVEL = 0;
				GCC_PREPROCESSOR_DEFINITIONS = (
					"DEBUG=1",
					"$(inherited)",
				);
				GCC_WARN_64_TO_32_BIT_CONVERSION = YES;
				GCC_WARN_ABOUT_RETURN_TYPE = YES_ERROR;
				GCC_WARN_UNDECLARED_SELECTOR = YES;
				GCC_WARN_UNINITIALIZED_AUTOS = YES_AGGRESSIVE;
				GCC_WARN_UNUSED_FUNCTION = YES;
				GCC_WARN_UNUSED_VARIABLE = YES;
				IPHONEOS_DEPLOYMENT_TARGET = 14.5;
				MTL_ENABLE_DEBUG_INFO = INCLUDE_SOURCE;
				MTL_FAST_MATH = YES;
				ONLY_ACTIVE_ARCH = YES;
				SDKROOT = iphoneos;
				SWIFT_ACTIVE_COMPILATION_CONDITIONS = DEBUG;
				SWIFT_OPTIMIZATION_LEVEL = "-Onone";
			};
			name = Debug;
		};
		71A34F0F26D5743600733804 /* Release */ = {
			isa = XCBuildConfiguration;
			buildSettings = {
				ALWAYS_SEARCH_USER_PATHS = NO;
				CLANG_ANALYZER_NONNULL = YES;
				CLANG_ANALYZER_NUMBER_OBJECT_CONVERSION = YES_AGGRESSIVE;
				CLANG_CXX_LANGUAGE_STANDARD = "gnu++14";
				CLANG_CXX_LIBRARY = "libc++";
				CLANG_ENABLE_MODULES = YES;
				CLANG_ENABLE_OBJC_ARC = YES;
				CLANG_ENABLE_OBJC_WEAK = YES;
				CLANG_WARN_BLOCK_CAPTURE_AUTORELEASING = YES;
				CLANG_WARN_BOOL_CONVERSION = YES;
				CLANG_WARN_COMMA = YES;
				CLANG_WARN_CONSTANT_CONVERSION = YES;
				CLANG_WARN_DEPRECATED_OBJC_IMPLEMENTATIONS = YES;
				CLANG_WARN_DIRECT_OBJC_ISA_USAGE = YES_ERROR;
				CLANG_WARN_DOCUMENTATION_COMMENTS = YES;
				CLANG_WARN_EMPTY_BODY = YES;
				CLANG_WARN_ENUM_CONVERSION = YES;
				CLANG_WARN_INFINITE_RECURSION = YES;
				CLANG_WARN_INT_CONVERSION = YES;
				CLANG_WARN_NON_LITERAL_NULL_CONVERSION = YES;
				CLANG_WARN_OBJC_IMPLICIT_RETAIN_SELF = YES;
				CLANG_WARN_OBJC_LITERAL_CONVERSION = YES;
				CLANG_WARN_OBJC_ROOT_CLASS = YES_ERROR;
				CLANG_WARN_QUOTED_INCLUDE_IN_FRAMEWORK_HEADER = YES;
				CLANG_WARN_RANGE_LOOP_ANALYSIS = YES;
				CLANG_WARN_STRICT_PROTOTYPES = YES;
				CLANG_WARN_SUSPICIOUS_MOVE = YES;
				CLANG_WARN_UNGUARDED_AVAILABILITY = YES_AGGRESSIVE;
				CLANG_WARN_UNREACHABLE_CODE = YES;
				CLANG_WARN__DUPLICATE_METHOD_MATCH = YES;
				COPY_PHASE_STRIP = NO;
				DEBUG_INFORMATION_FORMAT = "dwarf-with-dsym";
				ENABLE_NS_ASSERTIONS = NO;
				ENABLE_STRICT_OBJC_MSGSEND = YES;
				GCC_C_LANGUAGE_STANDARD = gnu11;
				GCC_NO_COMMON_BLOCKS = YES;
				GCC_WARN_64_TO_32_BIT_CONVERSION = YES;
				GCC_WARN_ABOUT_RETURN_TYPE = YES_ERROR;
				GCC_WARN_UNDECLARED_SELECTOR = YES;
				GCC_WARN_UNINITIALIZED_AUTOS = YES_AGGRESSIVE;
				GCC_WARN_UNUSED_FUNCTION = YES;
				GCC_WARN_UNUSED_VARIABLE = YES;
				IPHONEOS_DEPLOYMENT_TARGET = 14.5;
				MTL_ENABLE_DEBUG_INFO = NO;
				MTL_FAST_MATH = YES;
				SDKROOT = iphoneos;
				SWIFT_COMPILATION_MODE = wholemodule;
				SWIFT_OPTIMIZATION_LEVEL = "-O";
				VALIDATE_PRODUCT = YES;
			};
			name = Release;
		};
		71A34F1126D5743600733804 /* Debug */ = {
			isa = XCBuildConfiguration;
			baseConfigurationReference = CCC5268814ACF077C7B839A8 /* Pods-ChallengeMedicato.debug.xcconfig */;
			buildSettings = {
				ASSETCATALOG_COMPILER_APPICON_NAME = "AppIcon-Dev";
				ASSETCATALOG_COMPILER_GLOBAL_ACCENT_COLOR_NAME = AccentColor;
				CODE_SIGN_STYLE = Automatic;
				CONFIGURATION = Debug;
				DEVELOPMENT_TEAM = HV289Y8V97;
				INFOPLIST_FILE = ChallengeMedicato/Info.plist;
				IPHONEOS_DEPLOYMENT_TARGET = 14.1;
				LD_RUNPATH_SEARCH_PATHS = (
					"$(inherited)",
					"@executable_path/Frameworks",
				);
				PRODUCT_BUNDLE_IDENTIFIER = "com.gustavoaceredo.ChallengeMedicato-dev";
				PRODUCT_NAME = ChallengeMedicato;
				SWIFT_VERSION = 5.0;
				TARGETED_DEVICE_FAMILY = 1;
			};
			name = Debug;
		};
		71A34F1226D5743600733804 /* Release */ = {
			isa = XCBuildConfiguration;
			baseConfigurationReference = 033BAB1FDB612AA6279E3D24 /* Pods-ChallengeMedicato.release.xcconfig */;
			buildSettings = {
				ASSETCATALOG_COMPILER_APPICON_NAME = AppIcon;
				ASSETCATALOG_COMPILER_GLOBAL_ACCENT_COLOR_NAME = AccentColor;
				CODE_SIGN_STYLE = Automatic;
				CONFIGURATION = Release;
				DEVELOPMENT_TEAM = HV289Y8V97;
				INFOPLIST_FILE = ChallengeMedicato/Info.plist;
				IPHONEOS_DEPLOYMENT_TARGET = 14.1;
				LD_RUNPATH_SEARCH_PATHS = (
					"$(inherited)",
					"@executable_path/Frameworks",
				);
				PRODUCT_BUNDLE_IDENTIFIER = com.gustavoaceredo.ChallengeMedicato;
				PRODUCT_NAME = ChallengeMedicato;
				SWIFT_VERSION = 5.0;
				TARGETED_DEVICE_FAMILY = 1;
			};
			name = Release;
		};
/* End XCBuildConfiguration section */

/* Begin XCConfigurationList section */
		7151107F26D810160015A7CC /* Build configuration list for PBXNativeTarget "ChallengeMedicatoTests" */ = {
			isa = XCConfigurationList;
			buildConfigurations = (
				7151107D26D810160015A7CC /* Debug */,
				7151107E26D810160015A7CC /* Release */,
			);
			defaultConfigurationIsVisible = 0;
			defaultConfigurationName = Release;
		};
		719766DA26D96CC500F06CA7 /* Build configuration list for PBXNativeTarget "KIFTests" */ = {
			isa = XCConfigurationList;
			buildConfigurations = (
				719766DB26D96CC500F06CA7 /* Debug */,
				719766DC26D96CC500F06CA7 /* Release */,
			);
			defaultConfigurationIsVisible = 0;
			defaultConfigurationName = Release;
		};
		71A34EF726D5743300733804 /* Build configuration list for PBXProject "ChallengeMedicato" */ = {
			isa = XCConfigurationList;
			buildConfigurations = (
				71A34F0E26D5743600733804 /* Debug */,
				71A34F0F26D5743600733804 /* Release */,
			);
			defaultConfigurationIsVisible = 0;
			defaultConfigurationName = Release;
		};
		71A34F1026D5743600733804 /* Build configuration list for PBXNativeTarget "ChallengeMedicato" */ = {
			isa = XCConfigurationList;
			buildConfigurations = (
				71A34F1126D5743600733804 /* Debug */,
				71A34F1226D5743600733804 /* Release */,
			);
			defaultConfigurationIsVisible = 0;
			defaultConfigurationName = Release;
		};
/* End XCConfigurationList section */
	};
	rootObject = 71A34EF426D5743300733804 /* Project object */;
}
