PODS:
  - Kingfisher (6.3.1)
  - MBProgressHUD (1.2.0)

DEPENDENCIES:
  - Kingfisher
  - MBProgressHUD

SPEC REPOS:
  trunk:
    - Kingfisher
    - MBProgressHUD

SPEC CHECKSUMS:
  Kingfisher: 016c8b653a35add51dd34a3aba36b580041acc74
  MBProgressHUD: 3ee5efcc380f6a79a7cc9b363dd669c5e1ae7406

PODFILE CHECKSUM: 1b3c7679f91afedd59e6855f762575b54a0efd2a

COCOAPODS: 1.10.1
